// !$*UTF8*$!
{
	archiveVersion = 1;
	classes = {
	};
	objectVersion = 50;
	objects = {

/* Begin PBXBuildFile section */
		EEB04589236AFB6100EA8C63 /* AppDelegate.swift in Sources */ = {isa = PBXBuildFile; fileRef = EEB04588236AFB6100EA8C63 /* AppDelegate.swift */; };
		EEB0458B236AFB6100EA8C63 /* SceneDelegate.swift in Sources */ = {isa = PBXBuildFile; fileRef = EEB0458A236AFB6100EA8C63 /* SceneDelegate.swift */; };
		EEB0458D236AFB6100EA8C63 /* ContentView.swift in Sources */ = {isa = PBXBuildFile; fileRef = EEB0458C236AFB6100EA8C63 /* ContentView.swift */; };
		EEB0458F236AFB6400EA8C63 /* Assets.xcassets in Resources */ = {isa = PBXBuildFile; fileRef = EEB0458E236AFB6400EA8C63 /* Assets.xcassets */; };
		EEB04592236AFB6400EA8C63 /* Preview Assets.xcassets in Resources */ = {isa = PBXBuildFile; fileRef = EEB04591236AFB6400EA8C63 /* Preview Assets.xcassets */; };
		EEB04595236AFB6400EA8C63 /* LaunchScreen.storyboard in Resources */ = {isa = PBXBuildFile; fileRef = EEB04593236AFB6400EA8C63 /* LaunchScreen.storyboard */; };
		EEB045A0236AFB6500EA8C63 /* roninaks_adminTests.swift in Sources */ = {isa = PBXBuildFile; fileRef = EEB0459F236AFB6500EA8C63 /* roninaks_adminTests.swift */; };
		EEB045AB236AFB6500EA8C63 /* roninaks_adminUITests.swift in Sources */ = {isa = PBXBuildFile; fileRef = EEB045AA236AFB6500EA8C63 /* roninaks_adminUITests.swift */; };
/* End PBXBuildFile section */

/* Begin PBXContainerItemProxy section */
		EEB0459C236AFB6500EA8C63 /* PBXContainerItemProxy */ = {
			isa = PBXContainerItemProxy;
			containerPortal = EEB0457D236AFB6100EA8C63 /* Project object */;
			proxyType = 1;
			remoteGlobalIDString = EEB04584236AFB6100EA8C63;
			remoteInfo = "roninaks-admin";
		};
		EEB045A7236AFB6500EA8C63 /* PBXContainerItemProxy */ = {
			isa = PBXContainerItemProxy;
			containerPortal = EEB0457D236AFB6100EA8C63 /* Project object */;
			proxyType = 1;
			remoteGlobalIDString = EEB04584236AFB6100EA8C63;
			remoteInfo = "roninaks-admin";
		};
/* End PBXContainerItemProxy section */

/* Begin PBXFileReference section */
		EEB04585236AFB6100EA8C63 /* roninaks-admin.app */ = {isa = PBXFileReference; explicitFileType = wrapper.application; includeInIndex = 0; path = "roninaks-admin.app"; sourceTree = BUILT_PRODUCTS_DIR; };
		EEB04588236AFB6100EA8C63 /* AppDelegate.swift */ = {isa = PBXFileReference; lastKnownFileType = sourcecode.swift; path = AppDelegate.swift; sourceTree = "<group>"; };
		EEB0458A236AFB6100EA8C63 /* SceneDelegate.swift */ = {isa = PBXFileReference; lastKnownFileType = sourcecode.swift; path = SceneDelegate.swift; sourceTree = "<group>"; };
		EEB0458C236AFB6100EA8C63 /* ContentView.swift */ = {isa = PBXFileReference; lastKnownFileType = sourcecode.swift; path = ContentView.swift; sourceTree = "<group>"; };
		EEB0458E236AFB6400EA8C63 /* Assets.xcassets */ = {isa = PBXFileReference; lastKnownFileType = folder.assetcatalog; path = Assets.xcassets; sourceTree = "<group>"; };
		EEB04591236AFB6400EA8C63 /* Preview Assets.xcassets */ = {isa = PBXFileReference; lastKnownFileType = folder.assetcatalog; path = "Preview Assets.xcassets"; sourceTree = "<group>"; };
		EEB04594236AFB6400EA8C63 /* Base */ = {isa = PBXFileReference; lastKnownFileType = file.storyboard; name = Base; path = Base.lproj/LaunchScreen.storyboard; sourceTree = "<group>"; };
		EEB04596236AFB6400EA8C63 /* Info.plist */ = {isa = PBXFileReference; lastKnownFileType = text.plist.xml; path = Info.plist; sourceTree = "<group>"; };
		EEB0459B236AFB6500EA8C63 /* roninaks-adminTests.xctest */ = {isa = PBXFileReference; explicitFileType = wrapper.cfbundle; includeInIndex = 0; path = "roninaks-adminTests.xctest"; sourceTree = BUILT_PRODUCTS_DIR; };
		EEB0459F236AFB6500EA8C63 /* roninaks_adminTests.swift */ = {isa = PBXFileReference; lastKnownFileType = sourcecode.swift; path = roninaks_adminTests.swift; sourceTree = "<group>"; };
		EEB045A1236AFB6500EA8C63 /* Info.plist */ = {isa = PBXFileReference; lastKnownFileType = text.plist.xml; path = Info.plist; sourceTree = "<group>"; };
		EEB045A6236AFB6500EA8C63 /* roninaks-adminUITests.xctest */ = {isa = PBXFileReference; explicitFileType = wrapper.cfbundle; includeInIndex = 0; path = "roninaks-adminUITests.xctest"; sourceTree = BUILT_PRODUCTS_DIR; };
		EEB045AA236AFB6500EA8C63 /* roninaks_adminUITests.swift */ = {isa = PBXFileReference; lastKnownFileType = sourcecode.swift; path = roninaks_adminUITests.swift; sourceTree = "<group>"; };
		EEB045AC236AFB6500EA8C63 /* Info.plist */ = {isa = PBXFileReference; lastKnownFileType = text.plist.xml; path = Info.plist; sourceTree = "<group>"; };
/* End PBXFileReference section */

/* Begin PBXFrameworksBuildPhase section */
		EEB04582236AFB6100EA8C63 /* Frameworks */ = {
			isa = PBXFrameworksBuildPhase;
			buildActionMask = 2147483647;
			files = (
			);
			runOnlyForDeploymentPostprocessing = 0;
		};
		EEB04598236AFB6400EA8C63 /* Frameworks */ = {
			isa = PBXFrameworksBuildPhase;
			buildActionMask = 2147483647;
			files = (
			);
			runOnlyForDeploymentPostprocessing = 0;
		};
		EEB045A3236AFB6500EA8C63 /* Frameworks */ = {
			isa = PBXFrameworksBuildPhase;
			buildActionMask = 2147483647;
			files = (
			);
			runOnlyForDeploymentPostprocessing = 0;
		};
/* End PBXFrameworksBuildPhase section */

/* Begin PBXGroup section */
		EEB0457C236AFB6100EA8C63 = {
			isa = PBXGroup;
			children = (
				EEB04587236AFB6100EA8C63 /* roninaks-admin */,
				EEB0459E236AFB6500EA8C63 /* roninaks-adminTests */,
				EEB045A9236AFB6500EA8C63 /* roninaks-adminUITests */,
				EEB04586236AFB6100EA8C63 /* Products */,
			);
			sourceTree = "<group>";
		};
		EEB04586236AFB6100EA8C63 /* Products */ = {
			isa = PBXGroup;
			children = (
				EEB04585236AFB6100EA8C63 /* roninaks-admin.app */,
				EEB0459B236AFB6500EA8C63 /* roninaks-adminTests.xctest */,
				EEB045A6236AFB6500EA8C63 /* roninaks-adminUITests.xctest */,
			);
			name = Products;
			sourceTree = "<group>";
		};
		EEB04587236AFB6100EA8C63 /* roninaks-admin */ = {
			isa = PBXGroup;
			children = (
				EEB04588236AFB6100EA8C63 /* AppDelegate.swift */,
				EEB0458A236AFB6100EA8C63 /* SceneDelegate.swift */,
				EEB0458C236AFB6100EA8C63 /* ContentView.swift */,
				EEB0458E236AFB6400EA8C63 /* Assets.xcassets */,
				EEB04593236AFB6400EA8C63 /* LaunchScreen.storyboard */,
				EEB04596236AFB6400EA8C63 /* Info.plist */,
				EEB04590236AFB6400EA8C63 /* Preview Content */,
			);
			path = "roninaks-admin";
			sourceTree = "<group>";
		};
		EEB04590236AFB6400EA8C63 /* Preview Content */ = {
			isa = PBXGroup;
			children = (
				EEB04591236AFB6400EA8C63 /* Preview Assets.xcassets */,
			);
			path = "Preview Content";
			sourceTree = "<group>";
		};
		EEB0459E236AFB6500EA8C63 /* roninaks-adminTests */ = {
			isa = PBXGroup;
			children = (
				EEB0459F236AFB6500EA8C63 /* roninaks_adminTests.swift */,
				EEB045A1236AFB6500EA8C63 /* Info.plist */,
			);
			path = "roninaks-adminTests";
			sourceTree = "<group>";
		};
		EEB045A9236AFB6500EA8C63 /* roninaks-adminUITests */ = {
			isa = PBXGroup;
			children = (
				EEB045AA236AFB6500EA8C63 /* roninaks_adminUITests.swift */,
				EEB045AC236AFB6500EA8C63 /* Info.plist */,
			);
			path = "roninaks-adminUITests";
			sourceTree = "<group>";
		};
/* End PBXGroup section */

/* Begin PBXNativeTarget section */
		EEB04584236AFB6100EA8C63 /* roninaks-admin */ = {
			isa = PBXNativeTarget;
			buildConfigurationList = EEB045AF236AFB6500EA8C63 /* Build configuration list for PBXNativeTarget "roninaks-admin" */;
			buildPhases = (
				EEB04581236AFB6100EA8C63 /* Sources */,
				EEB04582236AFB6100EA8C63 /* Frameworks */,
				EEB04583236AFB6100EA8C63 /* Resources */,
			);
			buildRules = (
			);
			dependencies = (
			);
			name = "roninaks-admin";
			productName = "roninaks-admin";
			productReference = EEB04585236AFB6100EA8C63 /* roninaks-admin.app */;
			productType = "com.apple.product-type.application";
		};
		EEB0459A236AFB6400EA8C63 /* roninaks-adminTests */ = {
			isa = PBXNativeTarget;
			buildConfigurationList = EEB045B2236AFB6500EA8C63 /* Build configuration list for PBXNativeTarget "roninaks-adminTests" */;
			buildPhases = (
				EEB04597236AFB6400EA8C63 /* Sources */,
				EEB04598236AFB6400EA8C63 /* Frameworks */,
				EEB04599236AFB6400EA8C63 /* Resources */,
			);
			buildRules = (
			);
			dependencies = (
				EEB0459D236AFB6500EA8C63 /* PBXTargetDependency */,
			);
			name = "roninaks-adminTests";
			productName = "roninaks-adminTests";
			productReference = EEB0459B236AFB6500EA8C63 /* roninaks-adminTests.xctest */;
			productType = "com.apple.product-type.bundle.unit-test";
		};
		EEB045A5236AFB6500EA8C63 /* roninaks-adminUITests */ = {
			isa = PBXNativeTarget;
			buildConfigurationList = EEB045B5236AFB6500EA8C63 /* Build configuration list for PBXNativeTarget "roninaks-adminUITests" */;
			buildPhases = (
				EEB045A2236AFB6500EA8C63 /* Sources */,
				EEB045A3236AFB6500EA8C63 /* Frameworks */,
				EEB045A4236AFB6500EA8C63 /* Resources */,
			);
			buildRules = (
			);
			dependencies = (
				EEB045A8236AFB6500EA8C63 /* PBXTargetDependency */,
			);
			name = "roninaks-adminUITests";
			productName = "roninaks-adminUITests";
			productReference = EEB045A6236AFB6500EA8C63 /* roninaks-adminUITests.xctest */;
			productType = "com.apple.product-type.bundle.ui-testing";
		};
/* End PBXNativeTarget section */

/* Begin PBXProject section */
		EEB0457D236AFB6100EA8C63 /* Project object */ = {
			isa = PBXProject;
			attributes = {
				LastSwiftUpdateCheck = 1110;
				LastUpgradeCheck = 1110;
				ORGANIZATIONNAME = "Roninaks Ventures Pvt Ltd";
				TargetAttributes = {
					EEB04584236AFB6100EA8C63 = {
						CreatedOnToolsVersion = 11.1;
					};
					EEB0459A236AFB6400EA8C63 = {
						CreatedOnToolsVersion = 11.1;
						TestTargetID = EEB04584236AFB6100EA8C63;
					};
					EEB045A5236AFB6500EA8C63 = {
						CreatedOnToolsVersion = 11.1;
						TestTargetID = EEB04584236AFB6100EA8C63;
					};
				};
			};
			buildConfigurationList = EEB04580236AFB6100EA8C63 /* Build configuration list for PBXProject "roninaks-admin" */;
			compatibilityVersion = "Xcode 9.3";
			developmentRegion = en;
			hasScannedForEncodings = 0;
			knownRegions = (
				en,
				Base,
			);
			mainGroup = EEB0457C236AFB6100EA8C63;
			productRefGroup = EEB04586236AFB6100EA8C63 /* Products */;
			projectDirPath = "";
			projectRoot = "";
			targets = (
				EEB04584236AFB6100EA8C63 /* roninaks-admin */,
				EEB0459A236AFB6400EA8C63 /* roninaks-adminTests */,
				EEB045A5236AFB6500EA8C63 /* roninaks-adminUITests */,
			);
		};
/* End PBXProject section */

/* Begin PBXResourcesBuildPhase section */
		EEB04583236AFB6100EA8C63 /* Resources */ = {
			isa = PBXResourcesBuildPhase;
			buildActionMask = 2147483647;
			files = (
				EEB04595236AFB6400EA8C63 /* LaunchScreen.storyboard in Resources */,
				EEB04592236AFB6400EA8C63 /* Preview Assets.xcassets in Resources */,
				EEB0458F236AFB6400EA8C63 /* Assets.xcassets in Resources */,
			);
			runOnlyForDeploymentPostprocessing = 0;
		};
		EEB04599236AFB6400EA8C63 /* Resources */ = {
			isa = PBXResourcesBuildPhase;
			buildActionMask = 2147483647;
			files = (
			);
			runOnlyForDeploymentPostprocessing = 0;
		};
		EEB045A4236AFB6500EA8C63 /* Resources */ = {
			isa = PBXResourcesBuildPhase;
			buildActionMask = 2147483647;
			files = (
			);
			runOnlyForDeploymentPostprocessing = 0;
		};
/* End PBXResourcesBuildPhase section */

/* Begin PBXSourcesBuildPhase section */
		EEB04581236AFB6100EA8C63 /* Sources */ = {
			isa = PBXSourcesBuildPhase;
			buildActionMask = 2147483647;
			files = (
				EEB04589236AFB6100EA8C63 /* AppDelegate.swift in Sources */,
				EEB0458B236AFB6100EA8C63 /* SceneDelegate.swift in Sources */,
				EEB0458D236AFB6100EA8C63 /* ContentView.swift in Sources */,
			);
			runOnlyForDeploymentPostprocessing = 0;
		};
		EEB04597236AFB6400EA8C63 /* Sources */ = {
			isa = PBXSourcesBuildPhase;
			buildActionMask = 2147483647;
			files = (
				EEB045A0236AFB6500EA8C63 /* roninaks_adminTests.swift in Sources */,
			);
			runOnlyForDeploymentPostprocessing = 0;
		};
		EEB045A2236AFB6500EA8C63 /* Sources */ = {
			isa = PBXSourcesBuildPhase;
			buildActionMask = 2147483647;
			files = (
				EEB045AB236AFB6500EA8C63 /* roninaks_adminUITests.swift in Sources */,
			);
			runOnlyForDeploymentPostprocessing = 0;
		};
/* End PBXSourcesBuildPhase section */

/* Begin PBXTargetDependency section */
		EEB0459D236AFB6500EA8C63 /* PBXTargetDependency */ = {
			isa = PBXTargetDependency;
			target = EEB04584236AFB6100EA8C63 /* roninaks-admin */;
			targetProxy = EEB0459C236AFB6500EA8C63 /* PBXContainerItemProxy */;
		};
		EEB045A8236AFB6500EA8C63 /* PBXTargetDependency */ = {
			isa = PBXTargetDependency;
			target = EEB04584236AFB6100EA8C63 /* roninaks-admin */;
			targetProxy = EEB045A7236AFB6500EA8C63 /* PBXContainerItemProxy */;
		};
/* End PBXTargetDependency section */

/* Begin PBXVariantGroup section */
		EEB04593236AFB6400EA8C63 /* LaunchScreen.storyboard */ = {
			isa = PBXVariantGroup;
			children = (
				EEB04594236AFB6400EA8C63 /* Base */,
			);
			name = LaunchScreen.storyboard;
			sourceTree = "<group>";
		};
/* End PBXVariantGroup section */

/* Begin XCBuildConfiguration section */
		EEB045AD236AFB6500EA8C63 /* Debug */ = {
			isa = XCBuildConfiguration;
			buildSettings = {
				ALWAYS_SEARCH_USER_PATHS = NO;
				CLANG_ANALYZER_NONNULL = YES;
				CLANG_ANALYZER_NUMBER_OBJECT_CONVERSION = YES_AGGRESSIVE;
				CLANG_CXX_LANGUAGE_STANDARD = "gnu++14";
				CLANG_CXX_LIBRARY = "libc++";
				CLANG_ENABLE_MODULES = YES;
				CLANG_ENABLE_OBJC_ARC = YES;
				CLANG_ENABLE_OBJC_WEAK = YES;
				CLANG_WARN_BLOCK_CAPTURE_AUTORELEASING = YES;
				CLANG_WARN_BOOL_CONVERSION = YES;
				CLANG_WARN_COMMA = YES;
				CLANG_WARN_CONSTANT_CONVERSION = YES;
				CLANG_WARN_DEPRECATED_OBJC_IMPLEMENTATIONS = YES;
				CLANG_WARN_DIRECT_OBJC_ISA_USAGE = YES_ERROR;
				CLANG_WARN_DOCUMENTATION_COMMENTS = YES;
				CLANG_WARN_EMPTY_BODY = YES;
				CLANG_WARN_ENUM_CONVERSION = YES;
				CLANG_WARN_INFINITE_RECURSION = YES;
				CLANG_WARN_INT_CONVERSION = YES;
				CLANG_WARN_NON_LITERAL_NULL_CONVERSION = YES;
				CLANG_WARN_OBJC_IMPLICIT_RETAIN_SELF = YES;
				CLANG_WARN_OBJC_LITERAL_CONVERSION = YES;
				CLANG_WARN_OBJC_ROOT_CLASS = YES_ERROR;
				CLANG_WARN_RANGE_LOOP_ANALYSIS = YES;
				CLANG_WARN_STRICT_PROTOTYPES = YES;
				CLANG_WARN_SUSPICIOUS_MOVE = YES;
				CLANG_WARN_UNGUARDED_AVAILABILITY = YES_AGGRESSIVE;
				CLANG_WARN_UNREACHABLE_CODE = YES;
				CLANG_WARN__DUPLICATE_METHOD_MATCH = YES;
				COPY_PHASE_STRIP = NO;
				DEBUG_INFORMATION_FORMAT = dwarf;
				ENABLE_STRICT_OBJC_MSGSEND = YES;
				ENABLE_TESTABILITY = YES;
				GCC_C_LANGUAGE_STANDARD = gnu11;
				GCC_DYNAMIC_NO_PIC = NO;
				GCC_NO_COMMON_BLOCKS = YES;
				GCC_OPTIMIZATION_LEVEL = 0;
				GCC_PREPROCESSOR_DEFINITIONS = (
					"DEBUG=1",
					"$(inherited)",
				);
				GCC_WARN_64_TO_32_BIT_CONVERSION = YES;
				GCC_WARN_ABOUT_RETURN_TYPE = YES_ERROR;
				GCC_WARN_UNDECLARED_SELECTOR = YES;
				GCC_WARN_UNINITIALIZED_AUTOS = YES_AGGRESSIVE;
				GCC_WARN_UNUSED_FUNCTION = YES;
				GCC_WARN_UNUSED_VARIABLE = YES;
				IPHONEOS_DEPLOYMENT_TARGET = 13.1;
				MTL_ENABLE_DEBUG_INFO = INCLUDE_SOURCE;
				MTL_FAST_MATH = YES;
				ONLY_ACTIVE_ARCH = YES;
				SDKROOT = iphoneos;
				SWIFT_ACTIVE_COMPILATION_CONDITIONS = DEBUG;
				SWIFT_OPTIMIZATION_LEVEL = "-Onone";
			};
			name = Debug;
		};
		EEB045AE236AFB6500EA8C63 /* Release */ = {
			isa = XCBuildConfiguration;
			buildSettings = {
				ALWAYS_SEARCH_USER_PATHS = NO;
				CLANG_ANALYZER_NONNULL = YES;
				CLANG_ANALYZER_NUMBER_OBJECT_CONVERSION = YES_AGGRESSIVE;
				CLANG_CXX_LANGUAGE_STANDARD = "gnu++14";
				CLANG_CXX_LIBRARY = "libc++";
				CLANG_ENABLE_MODULES = YES;
				CLANG_ENABLE_OBJC_ARC = YES;
				CLANG_ENABLE_OBJC_WEAK = YES;
				CLANG_WARN_BLOCK_CAPTURE_AUTORELEASING = YES;
				CLANG_WARN_BOOL_CONVERSION = YES;
				CLANG_WARN_COMMA = YES;
				CLANG_WARN_CONSTANT_CONVERSION = YES;
				CLANG_WARN_DEPRECATED_OBJC_IMPLEMENTATIONS = YES;
				CLANG_WARN_DIRECT_OBJC_ISA_USAGE = YES_ERROR;
				CLANG_WARN_DOCUMENTATION_COMMENTS = YES;
				CLANG_WARN_EMPTY_BODY = YES;
				CLANG_WARN_ENUM_CONVERSION = YES;
				CLANG_WARN_INFINITE_RECURSION = YES;
				CLANG_WARN_INT_CONVERSION = YES;
				CLANG_WARN_NON_LITERAL_NULL_CONVERSION = YES;
				CLANG_WARN_OBJC_IMPLICIT_RETAIN_SELF = YES;
				CLANG_WARN_OBJC_LITERAL_CONVERSION = YES;
				CLANG_WARN_OBJC_ROOT_CLASS = YES_ERROR;
				CLANG_WARN_RANGE_LOOP_ANALYSIS = YES;
				CLANG_WARN_STRICT_PROTOTYPES = YES;
				CLANG_WARN_SUSPICIOUS_MOVE = YES;
				CLANG_WARN_UNGUARDED_AVAILABILITY = YES_AGGRESSIVE;
				CLANG_WARN_UNREACHABLE_CODE = YES;
				CLANG_WARN__DUPLICATE_METHOD_MATCH = YES;
				COPY_PHASE_STRIP = NO;
				DEBUG_INFORMATION_FORMAT = "dwarf-with-dsym";
				ENABLE_NS_ASSERTIONS = NO;
				ENABLE_STRICT_OBJC_MSGSEND = YES;
				GCC_C_LANGUAGE_STANDARD = gnu11;
				GCC_NO_COMMON_BLOCKS = YES;
				GCC_WARN_64_TO_32_BIT_CONVERSION = YES;
				GCC_WARN_ABOUT_RETURN_TYPE = YES_ERROR;
				GCC_WARN_UNDECLARED_SELECTOR = YES;
				GCC_WARN_UNINITIALIZED_AUTOS = YES_AGGRESSIVE;
				GCC_WARN_UNUSED_FUNCTION = YES;
				GCC_WARN_UNUSED_VARIABLE = YES;
				IPHONEOS_DEPLOYMENT_TARGET = 13.1;
				MTL_ENABLE_DEBUG_INFO = NO;
				MTL_FAST_MATH = YES;
				SDKROOT = iphoneos;
				SWIFT_COMPILATION_MODE = wholemodule;
				SWIFT_OPTIMIZATION_LEVEL = "-O";
				VALIDATE_PRODUCT = YES;
			};
			name = Release;
		};
		EEB045B0236AFB6500EA8C63 /* Debug */ = {
			isa = XCBuildConfiguration;
			buildSettings = {
				ASSETCATALOG_COMPILER_APPICON_NAME = AppIcon;
				CODE_SIGN_STYLE = Automatic;
				DEVELOPMENT_ASSET_PATHS = "\"roninaks-admin/Preview Content\"";
				ENABLE_PREVIEWS = YES;
				INFOPLIST_FILE = "roninaks-admin/Info.plist";
				LD_RUNPATH_SEARCH_PATHS = (
					"$(inherited)",
					"@executable_path/Frameworks",
				);
				PRODUCT_BUNDLE_IDENTIFIER = "com.roninaks.roninaks-admin";
				PRODUCT_NAME = "$(TARGET_NAME)";
				SWIFT_VERSION = 5.0;
				TARGETED_DEVICE_FAMILY = "1,2";
			};
			name = Debug;
		};
		EEB045B1236AFB6500EA8C63 /* Release */ = {
			isa = XCBuildConfiguration;
			buildSettings = {
				ASSETCATALOG_COMPILER_APPICON_NAME = AppIcon;
				CODE_SIGN_STYLE = Automatic;
				DEVELOPMENT_ASSET_PATHS = "\"roninaks-admin/Preview Content\"";
				ENABLE_PREVIEWS = YES;
				INFOPLIST_FILE = "roninaks-admin/Info.plist";
				LD_RUNPATH_SEARCH_PATHS = (
					"$(inherited)",
					"@executable_path/Frameworks",
				);
				PRODUCT_BUNDLE_IDENTIFIER = "com.roninaks.roninaks-admin";
				PRODUCT_NAME = "$(TARGET_NAME)";
				SWIFT_VERSION = 5.0;
				TARGETED_DEVICE_FAMILY = "1,2";
			};
			name = Release;
		};
		EEB045B3236AFB6500EA8C63 /* Debug */ = {
			isa = XCBuildConfiguration;
			buildSettings = {
				ALWAYS_EMBED_SWIFT_STANDARD_LIBRARIES = YES;
				BUNDLE_LOADER = "$(TEST_HOST)";
				CODE_SIGN_STYLE = Automatic;
				INFOPLIST_FILE = "roninaks-adminTests/Info.plist";
				IPHONEOS_DEPLOYMENT_TARGET = 13.1;
				LD_RUNPATH_SEARCH_PATHS = (
					"$(inherited)",
					"@executable_path/Frameworks",
					"@loader_path/Frameworks",
				);
				PRODUCT_BUNDLE_IDENTIFIER = "com.roninaks.roninaks-adminTests";
				PRODUCT_NAME = "$(TARGET_NAME)";
				SWIFT_VERSION = 5.0;
				TARGETED_DEVICE_FAMILY = "1,2";
				TEST_HOST = "$(BUILT_PRODUCTS_DIR)/roninaks-admin.app/roninaks-admin";
			};
			name = Debug;
		};
		EEB045B4236AFB6500EA8C63 /* Release */ = {
			isa = XCBuildConfiguration;
			buildSettings = {
				ALWAYS_EMBED_SWIFT_STANDARD_LIBRARIES = YES;
				BUNDLE_LOADER = "$(TEST_HOST)";
				CODE_SIGN_STYLE = Automatic;
				INFOPLIST_FILE = "roninaks-adminTests/Info.plist";
				IPHONEOS_DEPLOYMENT_TARGET = 13.1;
				LD_RUNPATH_SEARCH_PATHS = (
					"$(inherited)",
					"@executable_path/Frameworks",
					"@loader_path/Frameworks",
				);
				PRODUCT_BUNDLE_IDENTIFIER = "com.roninaks.roninaks-adminTests";
				PRODUCT_NAME = "$(TARGET_NAME)";
				SWIFT_VERSION = 5.0;
				TARGETED_DEVICE_FAMILY = "1,2";
				TEST_HOST = "$(BUILT_PRODUCTS_DIR)/roninaks-admin.app/roninaks-admin";
			};
			name = Release;
		};
		EEB045B6236AFB6500EA8C63 /* Debug */ = {
			isa = XCBuildConfiguration;
			buildSettings = {
				ALWAYS_EMBED_SWIFT_STANDARD_LIBRARIES = YES;
				CODE_SIGN_STYLE = Automatic;
				INFOPLIST_FILE = "roninaks-adminUITests/Info.plist";
				LD_RUNPATH_SEARCH_PATHS = (
					"$(inherited)",
					"@executable_path/Frameworks",
					"@loader_path/Frameworks",
				);
				PRODUCT_BUNDLE_IDENTIFIER = "com.roninaks.roninaks-adminUITests";
				PRODUCT_NAME = "$(TARGET_NAME)";
				SWIFT_VERSION = 5.0;
				TARGETED_DEVICE_FAMILY = "1,2";
				TEST_TARGET_NAME = "roninaks-admin";
			};
			name = Debug;
		};
		EEB045B7236AFB6500EA8C63 /* Release */ = {
			isa = XCBuildConfiguration;
			buildSettings = {
				ALWAYS_EMBED_SWIFT_STANDARD_LIBRARIES = YES;
				CODE_SIGN_STYLE = Automatic;
				INFOPLIST_FILE = "roninaks-adminUITests/Info.plist";
				LD_RUNPATH_SEARCH_PATHS = (
					"$(inherited)",
					"@executable_path/Frameworks",
					"@loader_path/Frameworks",
				);
				PRODUCT_BUNDLE_IDENTIFIER = "com.roninaks.roninaks-adminUITests";
				PRODUCT_NAME = "$(TARGET_NAME)";
				SWIFT_VERSION = 5.0;
				TARGETED_DEVICE_FAMILY = "1,2";
				TEST_TARGET_NAME = "roninaks-admin";
			};
			name = Release;
		};
/* End XCBuildConfiguration section */

/* Begin XCConfigurationList section */
		EEB04580236AFB6100EA8C63 /* Build configuration list for PBXProject "roninaks-admin" */ = {
			isa = XCConfigurationList;
			buildConfigurations = (
				EEB045AD236AFB6500EA8C63 /* Debug */,
				EEB045AE236AFB6500EA8C63 /* Release */,
			);
			defaultConfigurationIsVisible = 0;
			defaultConfigurationName = Release;
		};
		EEB045AF236AFB6500EA8C63 /* Build configuration list for PBXNativeTarget "roninaks-admin" */ = {
			isa = XCConfigurationList;
			buildConfigurations = (
				EEB045B0236AFB6500EA8C63 /* Debug */,
				EEB045B1236AFB6500EA8C63 /* Release */,
			);
			defaultConfigurationIsVisible = 0;
			defaultConfigurationName = Release;
		};
		EEB045B2236AFB6500EA8C63 /* Build configuration list for PBXNativeTarget "roninaks-adminTests" */ = {
			isa = XCConfigurationList;
			buildConfigurations = (
				EEB045B3236AFB6500EA8C63 /* Debug */,
				EEB045B4236AFB6500EA8C63 /* Release */,
			);
			defaultConfigurationIsVisible = 0;
			defaultConfigurationName = Release;
		};
		EEB045B5236AFB6500EA8C63 /* Build configuration list for PBXNativeTarget "roninaks-adminUITests" */ = {
			isa = XCConfigurationList;
			buildConfigurations = (
				EEB045B6236AFB6500EA8C63 /* Debug */,
				EEB045B7236AFB6500EA8C63 /* Release */,
			);
			defaultConfigurationIsVisible = 0;
			defaultConfigurationName = Release;
		};
/* End XCConfigurationList section */
	};
	rootObject = EEB0457D236AFB6100EA8C63 /* Project object */;
}
